// !$*UTF8*$!
{
	archiveVersion = 1;
	classes = {
	};
	objectVersion = 50;
	objects = {

/* Begin PBXBuildFile section */
		C73E7EC2228A9FBC00269112 /* RootViewController.m in Sources */ = {isa = PBXBuildFile; fileRef = C73E7EC1228A9FBC00269112 /* RootViewController.m */; };
		C73E7EC6228A9FD900269112 /* Test1ViewController.m in Sources */ = {isa = PBXBuildFile; fileRef = C73E7EC4228A9FD900269112 /* Test1ViewController.m */; };
		C74A588F2294F30C004B2E24 /* Test4ViewController.m in Sources */ = {isa = PBXBuildFile; fileRef = C74A588E2294F30C004B2E24 /* Test4ViewController.m */; };
		C74A58922294F35F004B2E24 /* spaceship.jpg in Resources */ = {isa = PBXBuildFile; fileRef = C74A58912294F35F004B2E24 /* spaceship.jpg */; };
		C74A58982294F368004B2E24 /* Utils.m in Sources */ = {isa = PBXBuildFile; fileRef = C74A58932294F368004B2E24 /* Utils.m */; };
		C74A58992294F368004B2E24 /* PQRunloop.m in Sources */ = {isa = PBXBuildFile; fileRef = C74A58952294F368004B2E24 /* PQRunloop.m */; };
		C74A589C2294F36F004B2E24 /* UITableViewCell+Runloop.m in Sources */ = {isa = PBXBuildFile; fileRef = C74A589B2294F36F004B2E24 /* UITableViewCell+Runloop.m */; };
		C75EBC03228A9ED100372EEA /* AppDelegate.m in Sources */ = {isa = PBXBuildFile; fileRef = C75EBC02228A9ED100372EEA /* AppDelegate.m */; };
		C75EBC09228A9ED100372EEA /* Main.storyboard in Resources */ = {isa = PBXBuildFile; fileRef = C75EBC07228A9ED100372EEA /* Main.storyboard */; };
		C75EBC0B228A9ED200372EEA /* Assets.xcassets in Resources */ = {isa = PBXBuildFile; fileRef = C75EBC0A228A9ED200372EEA /* Assets.xcassets */; };
		C75EBC0E228A9ED200372EEA /* LaunchScreen.storyboard in Resources */ = {isa = PBXBuildFile; fileRef = C75EBC0C228A9ED200372EEA /* LaunchScreen.storyboard */; };
		C75EBC11228A9ED200372EEA /* main.m in Sources */ = {isa = PBXBuildFile; fileRef = C75EBC10228A9ED200372EEA /* main.m */; };
		C75EBC1B228A9ED200372EEA /* Runloop_DemoTests.m in Sources */ = {isa = PBXBuildFile; fileRef = C75EBC1A228A9ED200372EEA /* Runloop_DemoTests.m */; };
		C75EBC26228A9ED200372EEA /* Runloop_DemoUITests.m in Sources */ = {isa = PBXBuildFile; fileRef = C75EBC25228A9ED200372EEA /* Runloop_DemoUITests.m */; };
		C7632255228C104D002F1A77 /* ZLThread.m in Sources */ = {isa = PBXBuildFile; fileRef = C7632254228C104D002F1A77 /* ZLThread.m */; };
		C7632258228C116A002F1A77 /* ZLPermenantThread.m in Sources */ = {isa = PBXBuildFile; fileRef = C7632257228C116A002F1A77 /* ZLPermenantThread.m */; };
		C7FDD9BE228C2D0100468AAC /* Test2ViewController.m in Sources */ = {isa = PBXBuildFile; fileRef = C7FDD9BD228C2D0100468AAC /* Test2ViewController.m */; };
		C7FDD9C2228D06D200468AAC /* Test3ViewController.m in Sources */ = {isa = PBXBuildFile; fileRef = C7FDD9C1228D06D200468AAC /* Test3ViewController.m */; };
/* End PBXBuildFile section */

/* Begin PBXContainerItemProxy section */
		C75EBC17228A9ED200372EEA /* PBXContainerItemProxy */ = {
			isa = PBXContainerItemProxy;
			containerPortal = C75EBBF6228A9ED100372EEA /* Project object */;
			proxyType = 1;
			remoteGlobalIDString = C75EBBFD228A9ED100372EEA;
			remoteInfo = "Runloop-Demo";
		};
		C75EBC22228A9ED200372EEA /* PBXContainerItemProxy */ = {
			isa = PBXContainerItemProxy;
			containerPortal = C75EBBF6228A9ED100372EEA /* Project object */;
			proxyType = 1;
			remoteGlobalIDString = C75EBBFD228A9ED100372EEA;
			remoteInfo = "Runloop-Demo";
		};
/* End PBXContainerItemProxy section */

/* Begin PBXFileReference section */
		C73E7EC1228A9FBC00269112 /* RootViewController.m */ = {isa = PBXFileReference; fileEncoding = 4; lastKnownFileType = sourcecode.c.objc; path = RootViewController.m; sourceTree = "<group>"; };
		C73E7EC3228A9FCC00269112 /* RootViewController.h */ = {isa = PBXFileReference; fileEncoding = 4; lastKnownFileType = sourcecode.c.h; path = RootViewController.h; sourceTree = "<group>"; };
		C73E7EC4228A9FD900269112 /* Test1ViewController.m */ = {isa = PBXFileReference; fileEncoding = 4; lastKnownFileType = sourcecode.c.objc; path = Test1ViewController.m; sourceTree = "<group>"; };
		C73E7EC5228A9FD900269112 /* Test1ViewController.h */ = {isa = PBXFileReference; fileEncoding = 4; lastKnownFileType = sourcecode.c.h; path = Test1ViewController.h; sourceTree = "<group>"; };
		C74A588D2294F30C004B2E24 /* Test4ViewController.h */ = {isa = PBXFileReference; lastKnownFileType = sourcecode.c.h; path = Test4ViewController.h; sourceTree = "<group>"; };
		C74A588E2294F30C004B2E24 /* Test4ViewController.m */ = {isa = PBXFileReference; lastKnownFileType = sourcecode.c.objc; path = Test4ViewController.m; sourceTree = "<group>"; };
		C74A58912294F35F004B2E24 /* spaceship.jpg */ = {isa = PBXFileReference; lastKnownFileType = image.jpeg; path = spaceship.jpg; sourceTree = "<group>"; };
		C74A58932294F368004B2E24 /* Utils.m */ = {isa = PBXFileReference; fileEncoding = 4; lastKnownFileType = sourcecode.c.objc; path = Utils.m; sourceTree = "<group>"; };
		C74A58942294F368004B2E24 /* Utils.h */ = {isa = PBXFileReference; fileEncoding = 4; lastKnownFileType = sourcecode.c.h; path = Utils.h; sourceTree = "<group>"; };
		C74A58952294F368004B2E24 /* PQRunloop.m */ = {isa = PBXFileReference; fileEncoding = 4; lastKnownFileType = sourcecode.c.objc; path = PQRunloop.m; sourceTree = "<group>"; };
		C74A58962294F368004B2E24 /* PQSingle.h */ = {isa = PBXFileReference; fileEncoding = 4; lastKnownFileType = sourcecode.c.h; path = PQSingle.h; sourceTree = "<group>"; };
		C74A58972294F368004B2E24 /* PQRunloop.h */ = {isa = PBXFileReference; fileEncoding = 4; lastKnownFileType = sourcecode.c.h; path = PQRunloop.h; sourceTree = "<group>"; };
		C74A589A2294F36F004B2E24 /* UITableViewCell+Runloop.h */ = {isa = PBXFileReference; fileEncoding = 4; lastKnownFileType = sourcecode.c.h; path = "UITableViewCell+Runloop.h"; sourceTree = "<group>"; };
		C74A589B2294F36F004B2E24 /* UITableViewCell+Runloop.m */ = {isa = PBXFileReference; fileEncoding = 4; lastKnownFileType = sourcecode.c.objc; path = "UITableViewCell+Runloop.m"; sourceTree = "<group>"; };
		C75EBBFE228A9ED100372EEA /* Runloop-Demo.app */ = {isa = PBXFileReference; explicitFileType = wrapper.application; includeInIndex = 0; path = "Runloop-Demo.app"; sourceTree = BUILT_PRODUCTS_DIR; };
		C75EBC01228A9ED100372EEA /* AppDelegate.h */ = {isa = PBXFileReference; lastKnownFileType = sourcecode.c.h; path = AppDelegate.h; sourceTree = "<group>"; };
		C75EBC02228A9ED100372EEA /* AppDelegate.m */ = {isa = PBXFileReference; lastKnownFileType = sourcecode.c.objc; path = AppDelegate.m; sourceTree = "<group>"; };
		C75EBC08228A9ED100372EEA /* Base */ = {isa = PBXFileReference; lastKnownFileType = file.storyboard; name = Base; path = Base.lproj/Main.storyboard; sourceTree = "<group>"; };
		C75EBC0A228A9ED200372EEA /* Assets.xcassets */ = {isa = PBXFileReference; lastKnownFileType = folder.assetcatalog; path = Assets.xcassets; sourceTree = "<group>"; };
		C75EBC0D228A9ED200372EEA /* Base */ = {isa = PBXFileReference; lastKnownFileType = file.storyboard; name = Base; path = Base.lproj/LaunchScreen.storyboard; sourceTree = "<group>"; };
		C75EBC0F228A9ED200372EEA /* Info.plist */ = {isa = PBXFileReference; lastKnownFileType = text.plist.xml; path = Info.plist; sourceTree = "<group>"; };
		C75EBC10228A9ED200372EEA /* main.m */ = {isa = PBXFileReference; lastKnownFileType = sourcecode.c.objc; path = main.m; sourceTree = "<group>"; };
		C75EBC16228A9ED200372EEA /* Runloop-DemoTests.xctest */ = {isa = PBXFileReference; explicitFileType = wrapper.cfbundle; includeInIndex = 0; path = "Runloop-DemoTests.xctest"; sourceTree = BUILT_PRODUCTS_DIR; };
		C75EBC1A228A9ED200372EEA /* Runloop_DemoTests.m */ = {isa = PBXFileReference; lastKnownFileType = sourcecode.c.objc; path = Runloop_DemoTests.m; sourceTree = "<group>"; };
		C75EBC1C228A9ED200372EEA /* Info.plist */ = {isa = PBXFileReference; lastKnownFileType = text.plist.xml; path = Info.plist; sourceTree = "<group>"; };
		C75EBC21228A9ED200372EEA /* Runloop-DemoUITests.xctest */ = {isa = PBXFileReference; explicitFileType = wrapper.cfbundle; includeInIndex = 0; path = "Runloop-DemoUITests.xctest"; sourceTree = BUILT_PRODUCTS_DIR; };
		C75EBC25228A9ED200372EEA /* Runloop_DemoUITests.m */ = {isa = PBXFileReference; lastKnownFileType = sourcecode.c.objc; path = Runloop_DemoUITests.m; sourceTree = "<group>"; };
		C75EBC27228A9ED200372EEA /* Info.plist */ = {isa = PBXFileReference; lastKnownFileType = text.plist.xml; path = Info.plist; sourceTree = "<group>"; };
		C7632253228C104D002F1A77 /* ZLThread.h */ = {isa = PBXFileReference; lastKnownFileType = sourcecode.c.h; path = ZLThread.h; sourceTree = "<group>"; };
		C7632254228C104D002F1A77 /* ZLThread.m */ = {isa = PBXFileReference; lastKnownFileType = sourcecode.c.objc; path = ZLThread.m; sourceTree = "<group>"; };
		C7632256228C116A002F1A77 /* ZLPermenantThread.h */ = {isa = PBXFileReference; lastKnownFileType = sourcecode.c.h; path = ZLPermenantThread.h; sourceTree = "<group>"; };
		C7632257228C116A002F1A77 /* ZLPermenantThread.m */ = {isa = PBXFileReference; lastKnownFileType = sourcecode.c.objc; path = ZLPermenantThread.m; sourceTree = "<group>"; };
		C7FDD9BC228C2D0100468AAC /* Test2ViewController.h */ = {isa = PBXFileReference; lastKnownFileType = sourcecode.c.h; path = Test2ViewController.h; sourceTree = "<group>"; };
		C7FDD9BD228C2D0100468AAC /* Test2ViewController.m */ = {isa = PBXFileReference; lastKnownFileType = sourcecode.c.objc; path = Test2ViewController.m; sourceTree = "<group>"; };
		C7FDD9C0228D06D200468AAC /* Test3ViewController.h */ = {isa = PBXFileReference; lastKnownFileType = sourcecode.c.h; path = Test3ViewController.h; sourceTree = "<group>"; };
		C7FDD9C1228D06D200468AAC /* Test3ViewController.m */ = {isa = PBXFileReference; lastKnownFileType = sourcecode.c.objc; path = Test3ViewController.m; sourceTree = "<group>"; };
/* End PBXFileReference section */

/* Begin PBXFrameworksBuildPhase section */
		C75EBBFB228A9ED100372EEA /* Frameworks */ = {
			isa = PBXFrameworksBuildPhase;
			buildActionMask = 2147483647;
			files = (
			);
			runOnlyForDeploymentPostprocessing = 0;
		};
		C75EBC13228A9ED200372EEA /* Frameworks */ = {
			isa = PBXFrameworksBuildPhase;
			buildActionMask = 2147483647;
			files = (
			);
			runOnlyForDeploymentPostprocessing = 0;
		};
		C75EBC1E228A9ED200372EEA /* Frameworks */ = {
			isa = PBXFrameworksBuildPhase;
			buildActionMask = 2147483647;
			files = (
			);
			runOnlyForDeploymentPostprocessing = 0;
		};
/* End PBXFrameworksBuildPhase section */

/* Begin PBXGroup section */
		C74A58902294F34A004B2E24 /* 性能优化，加载大图 */ = {
			isa = PBXGroup;
			children = (
				C74A58912294F35F004B2E24 /* spaceship.jpg */,
				C74A58972294F368004B2E24 /* PQRunloop.h */,
				C74A58952294F368004B2E24 /* PQRunloop.m */,
				C74A58962294F368004B2E24 /* PQSingle.h */,
				C74A58942294F368004B2E24 /* Utils.h */,
				C74A58932294F368004B2E24 /* Utils.m */,
				C74A589A2294F36F004B2E24 /* UITableViewCell+Runloop.h */,
				C74A589B2294F36F004B2E24 /* UITableViewCell+Runloop.m */,
				C74A588D2294F30C004B2E24 /* Test4ViewController.h */,
				C74A588E2294F30C004B2E24 /* Test4ViewController.m */,
			);
			path = "性能优化，加载大图";
			sourceTree = "<group>";
		};
		C75EBBF5228A9ED100372EEA = {
			isa = PBXGroup;
			children = (
				C75EBC00228A9ED100372EEA /* Runloop-Demo */,
				C75EBC19228A9ED200372EEA /* Runloop-DemoTests */,
				C75EBC24228A9ED200372EEA /* Runloop-DemoUITests */,
				C75EBBFF228A9ED100372EEA /* Products */,
			);
			sourceTree = "<group>";
		};
		C75EBBFF228A9ED100372EEA /* Products */ = {
			isa = PBXGroup;
			children = (
				C75EBBFE228A9ED100372EEA /* Runloop-Demo.app */,
				C75EBC16228A9ED200372EEA /* Runloop-DemoTests.xctest */,
				C75EBC21228A9ED200372EEA /* Runloop-DemoUITests.xctest */,
			);
			name = Products;
			sourceTree = "<group>";
		};
		C75EBC00228A9ED100372EEA /* Runloop-Demo */ = {
			isa = PBXGroup;
			children = (
				C75EBC01228A9ED100372EEA /* AppDelegate.h */,
				C75EBC02228A9ED100372EEA /* AppDelegate.m */,
				C73E7EC3228A9FCC00269112 /* RootViewController.h */,
				C73E7EC1228A9FBC00269112 /* RootViewController.m */,
				C74A58902294F34A004B2E24 /* 性能优化，加载大图 */,
				C7FDD9C3228D08DD00468AAC /* Runloop和NSTimer */,
				C7FDD9BF228C319300468AAC /* 常驻线程 */,
				C7632259228C18E2002F1A77 /* 线程保活 */,
				C75EBC07228A9ED100372EEA /* Main.storyboard */,
				C75EBC0A228A9ED200372EEA /* Assets.xcassets */,
				C75EBC0C228A9ED200372EEA /* LaunchScreen.storyboard */,
				C75EBC0F228A9ED200372EEA /* Info.plist */,
				C75EBC10228A9ED200372EEA /* main.m */,
			);
			path = "Runloop-Demo";
			sourceTree = "<group>";
		};
		C75EBC19228A9ED200372EEA /* Runloop-DemoTests */ = {
			isa = PBXGroup;
			children = (
				C75EBC1A228A9ED200372EEA /* Runloop_DemoTests.m */,
				C75EBC1C228A9ED200372EEA /* Info.plist */,
			);
			path = "Runloop-DemoTests";
			sourceTree = "<group>";
		};
		C75EBC24228A9ED200372EEA /* Runloop-DemoUITests */ = {
			isa = PBXGroup;
			children = (
				C75EBC25228A9ED200372EEA /* Runloop_DemoUITests.m */,
				C75EBC27228A9ED200372EEA /* Info.plist */,
			);
			path = "Runloop-DemoUITests";
			sourceTree = "<group>";
		};
		C7632259228C18E2002F1A77 /* 线程保活 */ = {
			isa = PBXGroup;
			children = (
				C73E7EC5228A9FD900269112 /* Test1ViewController.h */,
				C73E7EC4228A9FD900269112 /* Test1ViewController.m */,
				C7632256228C116A002F1A77 /* ZLPermenantThread.h */,
				C7632257228C116A002F1A77 /* ZLPermenantThread.m */,
				C7632253228C104D002F1A77 /* ZLThread.h */,
				C7632254228C104D002F1A77 /* ZLThread.m */,
			);
			path = "线程保活";
			sourceTree = "<group>";
		};
		C7FDD9BF228C319300468AAC /* 常驻线程 */ = {
			isa = PBXGroup;
			children = (
				C7FDD9BC228C2D0100468AAC /* Test2ViewController.h */,
				C7FDD9BD228C2D0100468AAC /* Test2ViewController.m */,
			);
			path = "常驻线程";
			sourceTree = "<group>";
		};
		C7FDD9C3228D08DD00468AAC /* Runloop和NSTimer */ = {
			isa = PBXGroup;
			children = (
				C7FDD9C0228D06D200468AAC /* Test3ViewController.h */,
				C7FDD9C1228D06D200468AAC /* Test3ViewController.m */,
			);
			path = "Runloop和NSTimer";
			sourceTree = "<group>";
		};
/* End PBXGroup section */

/* Begin PBXNativeTarget section */
		C75EBBFD228A9ED100372EEA /* Runloop-Demo */ = {
			isa = PBXNativeTarget;
			buildConfigurationList = C75EBC2A228A9ED200372EEA /* Build configuration list for PBXNativeTarget "Runloop-Demo" */;
			buildPhases = (
				C75EBBFA228A9ED100372EEA /* Sources */,
				C75EBBFB228A9ED100372EEA /* Frameworks */,
				C75EBBFC228A9ED100372EEA /* Resources */,
			);
			buildRules = (
			);
			dependencies = (
			);
			name = "Runloop-Demo";
			productName = "Runloop-Demo";
			productReference = C75EBBFE228A9ED100372EEA /* Runloop-Demo.app */;
			productType = "com.apple.product-type.application";
		};
		C75EBC15228A9ED200372EEA /* Runloop-DemoTests */ = {
			isa = PBXNativeTarget;
			buildConfigurationList = C75EBC2D228A9ED200372EEA /* Build configuration list for PBXNativeTarget "Runloop-DemoTests" */;
			buildPhases = (
				C75EBC12228A9ED200372EEA /* Sources */,
				C75EBC13228A9ED200372EEA /* Frameworks */,
				C75EBC14228A9ED200372EEA /* Resources */,
			);
			buildRules = (
			);
			dependencies = (
				C75EBC18228A9ED200372EEA /* PBXTargetDependency */,
			);
			name = "Runloop-DemoTests";
			productName = "Runloop-DemoTests";
			productReference = C75EBC16228A9ED200372EEA /* Runloop-DemoTests.xctest */;
			productType = "com.apple.product-type.bundle.unit-test";
		};
		C75EBC20228A9ED200372EEA /* Runloop-DemoUITests */ = {
			isa = PBXNativeTarget;
			buildConfigurationList = C75EBC30228A9ED200372EEA /* Build configuration list for PBXNativeTarget "Runloop-DemoUITests" */;
			buildPhases = (
				C75EBC1D228A9ED200372EEA /* Sources */,
				C75EBC1E228A9ED200372EEA /* Frameworks */,
				C75EBC1F228A9ED200372EEA /* Resources */,
			);
			buildRules = (
			);
			dependencies = (
				C75EBC23228A9ED200372EEA /* PBXTargetDependency */,
			);
			name = "Runloop-DemoUITests";
			productName = "Runloop-DemoUITests";
			productReference = C75EBC21228A9ED200372EEA /* Runloop-DemoUITests.xctest */;
			productType = "com.apple.product-type.bundle.ui-testing";
		};
/* End PBXNativeTarget section */

/* Begin PBXProject section */
		C75EBBF6228A9ED100372EEA /* Project object */ = {
			isa = PBXProject;
			attributes = {
				LastUpgradeCheck = 1010;
				ORGANIZATIONNAME = "王泽龙";
				TargetAttributes = {
					C75EBBFD228A9ED100372EEA = {
						CreatedOnToolsVersion = 10.1;
					};
					C75EBC15228A9ED200372EEA = {
						CreatedOnToolsVersion = 10.1;
						TestTargetID = C75EBBFD228A9ED100372EEA;
					};
					C75EBC20228A9ED200372EEA = {
						CreatedOnToolsVersion = 10.1;
						TestTargetID = C75EBBFD228A9ED100372EEA;
					};
				};
			};
			buildConfigurationList = C75EBBF9228A9ED100372EEA /* Build configuration list for PBXProject "Runloop-Demo" */;
			compatibilityVersion = "Xcode 9.3";
			developmentRegion = en;
			hasScannedForEncodings = 0;
			knownRegions = (
				en,
				Base,
			);
			mainGroup = C75EBBF5228A9ED100372EEA;
			productRefGroup = C75EBBFF228A9ED100372EEA /* Products */;
			projectDirPath = "";
			projectRoot = "";
			targets = (
				C75EBBFD228A9ED100372EEA /* Runloop-Demo */,
				C75EBC15228A9ED200372EEA /* Runloop-DemoTests */,
				C75EBC20228A9ED200372EEA /* Runloop-DemoUITests */,
			);
		};
/* End PBXProject section */

/* Begin PBXResourcesBuildPhase section */
		C75EBBFC228A9ED100372EEA /* Resources */ = {
			isa = PBXResourcesBuildPhase;
			buildActionMask = 2147483647;
			files = (
				C74A58922294F35F004B2E24 /* spaceship.jpg in Resources */,
				C75EBC0E228A9ED200372EEA /* LaunchScreen.storyboard in Resources */,
				C75EBC0B228A9ED200372EEA /* Assets.xcassets in Resources */,
				C75EBC09228A9ED100372EEA /* Main.storyboard in Resources */,
			);
			runOnlyForDeploymentPostprocessing = 0;
		};
		C75EBC14228A9ED200372EEA /* Resources */ = {
			isa = PBXResourcesBuildPhase;
			buildActionMask = 2147483647;
			files = (
			);
			runOnlyForDeploymentPostprocessing = 0;
		};
		C75EBC1F228A9ED200372EEA /* Resources */ = {
			isa = PBXResourcesBuildPhase;
			buildActionMask = 2147483647;
			files = (
			);
			runOnlyForDeploymentPostprocessing = 0;
		};
/* End PBXResourcesBuildPhase section */

/* Begin PBXSourcesBuildPhase section */
		C75EBBFA228A9ED100372EEA /* Sources */ = {
			isa = PBXSourcesBuildPhase;
			buildActionMask = 2147483647;
			files = (
				C74A58992294F368004B2E24 /* PQRunloop.m in Sources */,
				C73E7EC6228A9FD900269112 /* Test1ViewController.m in Sources */,
				C74A588F2294F30C004B2E24 /* Test4ViewController.m in Sources */,
				C7632255228C104D002F1A77 /* ZLThread.m in Sources */,
				C74A58982294F368004B2E24 /* Utils.m in Sources */,
				C7FDD9C2228D06D200468AAC /* Test3ViewController.m in Sources */,
				C75EBC11228A9ED200372EEA /* main.m in Sources */,
				C73E7EC2228A9FBC00269112 /* RootViewController.m in Sources */,
				C7FDD9BE228C2D0100468AAC /* Test2ViewController.m in Sources */,
				C75EBC03228A9ED100372EEA /* AppDelegate.m in Sources */,
				C7632258228C116A002F1A77 /* ZLPermenantThread.m in Sources */,
				C74A589C2294F36F004B2E24 /* UITableViewCell+Runloop.m in Sources */,
			);
			runOnlyForDeploymentPostprocessing = 0;
		};
		C75EBC12228A9ED200372EEA /* Sources */ = {
			isa = PBXSourcesBuildPhase;
			buildActionMask = 2147483647;
			files = (
				C75EBC1B228A9ED200372EEA /* Runloop_DemoTests.m in Sources */,
			);
			runOnlyForDeploymentPostprocessing = 0;
		};
		C75EBC1D228A9ED200372EEA /* Sources */ = {
			isa = PBXSourcesBuildPhase;
			buildActionMask = 2147483647;
			files = (
				C75EBC26228A9ED200372EEA /* Runloop_DemoUITests.m in Sources */,
			);
			runOnlyForDeploymentPostprocessing = 0;
		};
/* End PBXSourcesBuildPhase section */

/* Begin PBXTargetDependency section */
		C75EBC18228A9ED200372EEA /* PBXTargetDependency */ = {
			isa = PBXTargetDependency;
			target = C75EBBFD228A9ED100372EEA /* Runloop-Demo */;
			targetProxy = C75EBC17228A9ED200372EEA /* PBXContainerItemProxy */;
		};
		C75EBC23228A9ED200372EEA /* PBXTargetDependency */ = {
			isa = PBXTargetDependency;
			target = C75EBBFD228A9ED100372EEA /* Runloop-Demo */;
			targetProxy = C75EBC22228A9ED200372EEA /* PBXContainerItemProxy */;
		};
/* End PBXTargetDependency section */

/* Begin PBXVariantGroup section */
		C75EBC07228A9ED100372EEA /* Main.storyboard */ = {
			isa = PBXVariantGroup;
			children = (
				C75EBC08228A9ED100372EEA /* Base */,
			);
			name = Main.storyboard;
			sourceTree = "<group>";
		};
		C75EBC0C228A9ED200372EEA /* LaunchScreen.storyboard */ = {
			isa = PBXVariantGroup;
			children = (
				C75EBC0D228A9ED200372EEA /* Base */,
			);
			name = LaunchScreen.storyboard;
			sourceTree = "<group>";
		};
/* End PBXVariantGroup section */

/* Begin XCBuildConfiguration section */
		C75EBC28228A9ED200372EEA /* Debug */ = {
			isa = XCBuildConfiguration;
			buildSettings = {
				ALWAYS_SEARCH_USER_PATHS = NO;
				CLANG_ANALYZER_NONNULL = YES;
				CLANG_ANALYZER_NUMBER_OBJECT_CONVERSION = YES_AGGRESSIVE;
				CLANG_CXX_LANGUAGE_STANDARD = "gnu++14";
				CLANG_CXX_LIBRARY = "libc++";
				CLANG_ENABLE_MODULES = YES;
				CLANG_ENABLE_OBJC_ARC = YES;
				CLANG_ENABLE_OBJC_WEAK = YES;
				CLANG_WARN_BLOCK_CAPTURE_AUTORELEASING = YES;
				CLANG_WARN_BOOL_CONVERSION = YES;
				CLANG_WARN_COMMA = YES;
				CLANG_WARN_CONSTANT_CONVERSION = YES;
				CLANG_WARN_DEPRECATED_OBJC_IMPLEMENTATIONS = YES;
				CLANG_WARN_DIRECT_OBJC_ISA_USAGE = YES_ERROR;
				CLANG_WARN_DOCUMENTATION_COMMENTS = YES;
				CLANG_WARN_EMPTY_BODY = YES;
				CLANG_WARN_ENUM_CONVERSION = YES;
				CLANG_WARN_INFINITE_RECURSION = YES;
				CLANG_WARN_INT_CONVERSION = YES;
				CLANG_WARN_NON_LITERAL_NULL_CONVERSION = YES;
				CLANG_WARN_OBJC_IMPLICIT_RETAIN_SELF = YES;
				CLANG_WARN_OBJC_LITERAL_CONVERSION = YES;
				CLANG_WARN_OBJC_ROOT_CLASS = YES_ERROR;
				CLANG_WARN_RANGE_LOOP_ANALYSIS = YES;
				CLANG_WARN_STRICT_PROTOTYPES = YES;
				CLANG_WARN_SUSPICIOUS_MOVE = YES;
				CLANG_WARN_UNGUARDED_AVAILABILITY = YES_AGGRESSIVE;
				CLANG_WARN_UNREACHABLE_CODE = YES;
				CLANG_WARN__DUPLICATE_METHOD_MATCH = YES;
				CODE_SIGN_IDENTITY = "iPhone Developer";
				COPY_PHASE_STRIP = NO;
				DEBUG_INFORMATION_FORMAT = dwarf;
				ENABLE_STRICT_OBJC_MSGSEND = YES;
				ENABLE_TESTABILITY = YES;
				GCC_C_LANGUAGE_STANDARD = gnu11;
				GCC_DYNAMIC_NO_PIC = NO;
				GCC_NO_COMMON_BLOCKS = YES;
				GCC_OPTIMIZATION_LEVEL = 0;
				GCC_PREPROCESSOR_DEFINITIONS = (
					"DEBUG=1",
					"$(inherited)",
				);
				GCC_WARN_64_TO_32_BIT_CONVERSION = YES;
				GCC_WARN_ABOUT_RETURN_TYPE = YES_ERROR;
				GCC_WARN_UNDECLARED_SELECTOR = YES;
				GCC_WARN_UNINITIALIZED_AUTOS = YES_AGGRESSIVE;
				GCC_WARN_UNUSED_FUNCTION = YES;
				GCC_WARN_UNUSED_VARIABLE = YES;
				IPHONEOS_DEPLOYMENT_TARGET = 12.1;
				MTL_ENABLE_DEBUG_INFO = INCLUDE_SOURCE;
				MTL_FAST_MATH = YES;
				ONLY_ACTIVE_ARCH = YES;
				SDKROOT = iphoneos;
			};
			name = Debug;
		};
		C75EBC29228A9ED200372EEA /* Release */ = {
			isa = XCBuildConfiguration;
			buildSettings = {
				ALWAYS_SEARCH_USER_PATHS = NO;
				CLANG_ANALYZER_NONNULL = YES;
				CLANG_ANALYZER_NUMBER_OBJECT_CONVERSION = YES_AGGRESSIVE;
				CLANG_CXX_LANGUAGE_STANDARD = "gnu++14";
				CLANG_CXX_LIBRARY = "libc++";
				CLANG_ENABLE_MODULES = YES;
				CLANG_ENABLE_OBJC_ARC = YES;
				CLANG_ENABLE_OBJC_WEAK = YES;
				CLANG_WARN_BLOCK_CAPTURE_AUTORELEASING = YES;
				CLANG_WARN_BOOL_CONVERSION = YES;
				CLANG_WARN_COMMA = YES;
				CLANG_WARN_CONSTANT_CONVERSION = YES;
				CLANG_WARN_DEPRECATED_OBJC_IMPLEMENTATIONS = YES;
				CLANG_WARN_DIRECT_OBJC_ISA_USAGE = YES_ERROR;
				CLANG_WARN_DOCUMENTATION_COMMENTS = YES;
				CLANG_WARN_EMPTY_BODY = YES;
				CLANG_WARN_ENUM_CONVERSION = YES;
				CLANG_WARN_INFINITE_RECURSION = YES;
				CLANG_WARN_INT_CONVERSION = YES;
				CLANG_WARN_NON_LITERAL_NULL_CONVERSION = YES;
				CLANG_WARN_OBJC_IMPLICIT_RETAIN_SELF = YES;
				CLANG_WARN_OBJC_LITERAL_CONVERSION = YES;
				CLANG_WARN_OBJC_ROOT_CLASS = YES_ERROR;
				CLANG_WARN_RANGE_LOOP_ANALYSIS = YES;
				CLANG_WARN_STRICT_PROTOTYPES = YES;
				CLANG_WARN_SUSPICIOUS_MOVE = YES;
				CLANG_WARN_UNGUARDED_AVAILABILITY = YES_AGGRESSIVE;
				CLANG_WARN_UNREACHABLE_CODE = YES;
				CLANG_WARN__DUPLICATE_METHOD_MATCH = YES;
				CODE_SIGN_IDENTITY = "iPhone Developer";
				COPY_PHASE_STRIP = NO;
				DEBUG_INFORMATION_FORMAT = "dwarf-with-dsym";
				ENABLE_NS_ASSERTIONS = NO;
				ENABLE_STRICT_OBJC_MSGSEND = YES;
				GCC_C_LANGUAGE_STANDARD = gnu11;
				GCC_NO_COMMON_BLOCKS = YES;
				GCC_WARN_64_TO_32_BIT_CONVERSION = YES;
				GCC_WARN_ABOUT_RETURN_TYPE = YES_ERROR;
				GCC_WARN_UNDECLARED_SELECTOR = YES;
				GCC_WARN_UNINITIALIZED_AUTOS = YES_AGGRESSIVE;
				GCC_WARN_UNUSED_FUNCTION = YES;
				GCC_WARN_UNUSED_VARIABLE = YES;
				IPHONEOS_DEPLOYMENT_TARGET = 12.1;
				MTL_ENABLE_DEBUG_INFO = NO;
				MTL_FAST_MATH = YES;
				SDKROOT = iphoneos;
				VALIDATE_PRODUCT = YES;
			};
			name = Release;
		};
		C75EBC2B228A9ED200372EEA /* Debug */ = {
			isa = XCBuildConfiguration;
			buildSettings = {
				ASSETCATALOG_COMPILER_APPICON_NAME = AppIcon;
				CODE_SIGN_STYLE = Automatic;
				INFOPLIST_FILE = "Runloop-Demo/Info.plist";
				LD_RUNPATH_SEARCH_PATHS = (
					"$(inherited)",
					"@executable_path/Frameworks",
				);
				PRODUCT_BUNDLE_IDENTIFIER = "xiaoyaoknight.Runloop-Demo";
				PRODUCT_NAME = "$(TARGET_NAME)";
				TARGETED_DEVICE_FAMILY = "1,2";
			};
			name = Debug;
		};
		C75EBC2C228A9ED200372EEA /* Release */ = {
			isa = XCBuildConfiguration;
			buildSettings = {
				ASSETCATALOG_COMPILER_APPICON_NAME = AppIcon;
				CODE_SIGN_STYLE = Automatic;
				INFOPLIST_FILE = "Runloop-Demo/Info.plist";
				LD_RUNPATH_SEARCH_PATHS = (
					"$(inherited)",
					"@executable_path/Frameworks",
				);
				PRODUCT_BUNDLE_IDENTIFIER = "xiaoyaoknight.Runloop-Demo";
				PRODUCT_NAME = "$(TARGET_NAME)";
				TARGETED_DEVICE_FAMILY = "1,2";
			};
			name = Release;
		};
		C75EBC2E228A9ED200372EEA /* Debug */ = {
			isa = XCBuildConfiguration;
			buildSettings = {
				BUNDLE_LOADER = "$(TEST_HOST)";
				CODE_SIGN_STYLE = Automatic;
				INFOPLIST_FILE = "Runloop-DemoTests/Info.plist";
				LD_RUNPATH_SEARCH_PATHS = (
					"$(inherited)",
					"@executable_path/Frameworks",
					"@loader_path/Frameworks",
				);
				PRODUCT_BUNDLE_IDENTIFIER = "xiaoyaoknight.Runloop-DemoTests";
				PRODUCT_NAME = "$(TARGET_NAME)";
				TARGETED_DEVICE_FAMILY = "1,2";
				TEST_HOST = "$(BUILT_PRODUCTS_DIR)/Runloop-Demo.app/Runloop-Demo";
			};
			name = Debug;
		};
		C75EBC2F228A9ED200372EEA /* Release */ = {
			isa = XCBuildConfiguration;
			buildSettings = {
				BUNDLE_LOADER = "$(TEST_HOST)";
				CODE_SIGN_STYLE = Automatic;
				INFOPLIST_FILE = "Runloop-DemoTests/Info.plist";
				LD_RUNPATH_SEARCH_PATHS = (
					"$(inherited)",
					"@executable_path/Frameworks",
					"@loader_path/Frameworks",
				);
				PRODUCT_BUNDLE_IDENTIFIER = "xiaoyaoknight.Runloop-DemoTests";
				PRODUCT_NAME = "$(TARGET_NAME)";
				TARGETED_DEVICE_FAMILY = "1,2";
				TEST_HOST = "$(BUILT_PRODUCTS_DIR)/Runloop-Demo.app/Runloop-Demo";
			};
			name = Release;
		};
		C75EBC31228A9ED200372EEA /* Debug */ = {
			isa = XCBuildConfiguration;
			buildSettings = {
				CODE_SIGN_STYLE = Automatic;
				INFOPLIST_FILE = "Runloop-DemoUITests/Info.plist";
				LD_RUNPATH_SEARCH_PATHS = (
					"$(inherited)",
					"@executable_path/Frameworks",
					"@loader_path/Frameworks",
				);
				PRODUCT_BUNDLE_IDENTIFIER = "xiaoyaoknight.Runloop-DemoUITests";
				PRODUCT_NAME = "$(TARGET_NAME)";
				TARGETED_DEVICE_FAMILY = "1,2";
				TEST_TARGET_NAME = "Runloop-Demo";
			};
			name = Debug;
		};
		C75EBC32228A9ED200372EEA /* Release */ = {
			isa = XCBuildConfiguration;
			buildSettings = {
				CODE_SIGN_STYLE = Automatic;
				INFOPLIST_FILE = "Runloop-DemoUITests/Info.plist";
				LD_RUNPATH_SEARCH_PATHS = (
					"$(inherited)",
					"@executable_path/Frameworks",
					"@loader_path/Frameworks",
				);
				PRODUCT_BUNDLE_IDENTIFIER = "xiaoyaoknight.Runloop-DemoUITests";
				PRODUCT_NAME = "$(TARGET_NAME)";
				TARGETED_DEVICE_FAMILY = "1,2";
				TEST_TARGET_NAME = "Runloop-Demo";
			};
			name = Release;
		};
/* End XCBuildConfiguration section */

/* Begin XCConfigurationList section */
		C75EBBF9228A9ED100372EEA /* Build configuration list for PBXProject "Runloop-Demo" */ = {
			isa = XCConfigurationList;
			buildConfigurations = (
				C75EBC28228A9ED200372EEA /* Debug */,
				C75EBC29228A9ED200372EEA /* Release */,
			);
			defaultConfigurationIsVisible = 0;
			defaultConfigurationName = Release;
		};
		C75EBC2A228A9ED200372EEA /* Build configuration list for PBXNativeTarget "Runloop-Demo" */ = {
			isa = XCConfigurationList;
			buildConfigurations = (
				C75EBC2B228A9ED200372EEA /* Debug */,
				C75EBC2C228A9ED200372EEA /* Release */,
			);
			defaultConfigurationIsVisible = 0;
			defaultConfigurationName = Release;
		};
		C75EBC2D228A9ED200372EEA /* Build configuration list for PBXNativeTarget "Runloop-DemoTests" */ = {
			isa = XCConfigurationList;
			buildConfigurations = (
				C75EBC2E228A9ED200372EEA /* Debug */,
				C75EBC2F228A9ED200372EEA /* Release */,
			);
			defaultConfigurationIsVisible = 0;
			defaultConfigurationName = Release;
		};
		C75EBC30228A9ED200372EEA /* Build configuration list for PBXNativeTarget "Runloop-DemoUITests" */ = {
			isa = XCConfigurationList;
			buildConfigurations = (
				C75EBC31228A9ED200372EEA /* Debug */,
				C75EBC32228A9ED200372EEA /* Release */,
			);
			defaultConfigurationIsVisible = 0;
			defaultConfigurationName = Release;
		};
/* End XCConfigurationList section */
	};
	rootObject = C75EBBF6228A9ED100372EEA /* Project object */;
}
